
Microsoft Visual Studio Solution File, Format Version 12.00
# Visual Studio Version 17
VisualStudioVersion = 17.8.34322.80
MinimumVisualStudioVersion = 10.0.40219.1
Project("{FAE04EC0-301F-11D3-BF4B-00C04F79EFBC}") = "RifasOnline", "RifasOnline\RifasOnline.csproj", "{F2E362E2-8CC1-4C71-A081-4785489EFE9C}"
EndProject
Global
	GlobalSection(SolutionConfigurationPlatforms) = preSolution
		Debug|Any CPU = Debug|Any CPU
		Release|Any CPU = Release|Any CPU
	EndGlobalSection
	GlobalSection(ProjectConfigurationPlatforms) = postSolution
		{F2E362E2-8CC1-4C71-A081-4785489EFE9C}.Debug|Any CPU.ActiveCfg = Debug|Any CPU
		{F2E362E2-8CC1-4C71-A081-4785489EFE9C}.Debug|Any CPU.Build.0 = Debug|Any CPU
		{F2E362E2-8CC1-4C71-A081-4785489EFE9C}.Release|Any CPU.ActiveCfg = Release|Any CPU
		{F2E362E2-8CC1-4C71-A081-4785489EFE9C}.Release|Any CPU.Build.0 = Release|Any CPU
	EndGlobalSection
	GlobalSection(SolutionProperties) = preSolution
		HideSolutionNode = FALSE
	EndGlobalSection
	GlobalSection(ExtensibilityGlobals) = postSolution
		SolutionGuid = {3560AF04-05BC-41AC-AB16-18A9977E985E}
	EndGlobalSection
EndGlobal
